
Microsoft Visual Studio Solution File, Format Version 12.00
# Visual Studio Version 16
VisualStudioVersion = 16.0.30503.244
MinimumVisualStudioVersion = 15.0.26124.0
Project("{9A19103F-16F7-4668-BE54-9A1E7A4F7556}") = "Factory", "Factory\Factory.csproj", "{7808B62E-C38C-4B46-942B-ED092DAE3C9F}"
EndProject
Project("{9A19103F-16F7-4668-BE54-9A1E7A4F7556}") = "AbstractFactory", "AbstractFactory\AbstractFactory.csproj", "{AD58376B-7D56-4C28-B33F-7C57EA109F62}"
EndProject
Project("{9A19103F-16F7-4668-BE54-9A1E7A4F7556}") = "Builder", "Builder\Builder.csproj", "{29E6640B-DB47-4574-A812-25577327ECE8}"
EndProject
Project("{9A19103F-16F7-4668-BE54-9A1E7A4F7556}") = "Prototype", "Prototype\Prototype.csproj", "{260807CE-3D7D-4E6E-B5E0-3F277CC8FA6F}"
EndProject
Project("{9A19103F-16F7-4668-BE54-9A1E7A4F7556}") = "Composite", "Composite\Composite.csproj", "{6F2AC469-3A94-4D3B-9510-CF501139E2BB}"
EndProject
Project("{9A19103F-16F7-4668-BE54-9A1E7A4F7556}") = "Adapter", "Adapter\Adapter.csproj", "{121D1FDF-46B2-4CC0-BE11-F4C907F22AC6}"
EndProject
Project("{9A19103F-16F7-4668-BE54-9A1E7A4F7556}") = "Bridge", "Bridge\Bridge.csproj", "{E2F66BB1-1287-4036-B501-408659996F48}"
EndProject
Project("{9A19103F-16F7-4668-BE54-9A1E7A4F7556}") = "Decorator", "Decorator\Decorator.csproj", "{67DF0216-1A93-4E54-BAE5-B6B427D21F52}"
EndProject
Project("{9A19103F-16F7-4668-BE54-9A1E7A4F7556}") = "Facade", "Facade\Facade.csproj", "{9B56F2C3-D7D7-4BA5-A843-54C77E436063}"
EndProject
Project("{FAE04EC0-301F-11D3-BF4B-00C04F79EFBC}") = "Flyweight", "Flyweight\Flyweight.csproj", "{CEBE19BB-23AC-4B9C-8659-14CC27F1810A}"
EndProject
Global
	GlobalSection(SolutionConfigurationPlatforms) = preSolution
		Debug|Any CPU = Debug|Any CPU
		Debug|x64 = Debug|x64
		Debug|x86 = Debug|x86
		Release|Any CPU = Release|Any CPU
		Release|x64 = Release|x64
		Release|x86 = Release|x86
	EndGlobalSection
	GlobalSection(ProjectConfigurationPlatforms) = postSolution
		{7808B62E-C38C-4B46-942B-ED092DAE3C9F}.Debug|Any CPU.ActiveCfg = Debug|Any CPU
		{7808B62E-C38C-4B46-942B-ED092DAE3C9F}.Debug|Any CPU.Build.0 = Debug|Any CPU
		{7808B62E-C38C-4B46-942B-ED092DAE3C9F}.Debug|x64.ActiveCfg = Debug|Any CPU
		{7808B62E-C38C-4B46-942B-ED092DAE3C9F}.Debug|x64.Build.0 = Debug|Any CPU
		{7808B62E-C38C-4B46-942B-ED092DAE3C9F}.Debug|x86.ActiveCfg = Debug|Any CPU
		{7808B62E-C38C-4B46-942B-ED092DAE3C9F}.Debug|x86.Build.0 = Debug|Any CPU
		{7808B62E-C38C-4B46-942B-ED092DAE3C9F}.Release|Any CPU.ActiveCfg = Release|Any CPU
		{7808B62E-C38C-4B46-942B-ED092DAE3C9F}.Release|Any CPU.Build.0 = Release|Any CPU
		{7808B62E-C38C-4B46-942B-ED092DAE3C9F}.Release|x64.ActiveCfg = Release|Any CPU
		{7808B62E-C38C-4B46-942B-ED092DAE3C9F}.Release|x64.Build.0 = Release|Any CPU
		{7808B62E-C38C-4B46-942B-ED092DAE3C9F}.Release|x86.ActiveCfg = Release|Any CPU
		{7808B62E-C38C-4B46-942B-ED092DAE3C9F}.Release|x86.Build.0 = Release|Any CPU
		{AD58376B-7D56-4C28-B33F-7C57EA109F62}.Debug|Any CPU.ActiveCfg = Debug|Any CPU
		{AD58376B-7D56-4C28-B33F-7C57EA109F62}.Debug|Any CPU.Build.0 = Debug|Any CPU
		{AD58376B-7D56-4C28-B33F-7C57EA109F62}.Debug|x64.ActiveCfg = Debug|Any CPU
		{AD58376B-7D56-4C28-B33F-7C57EA109F62}.Debug|x64.Build.0 = Debug|Any CPU
		{AD58376B-7D56-4C28-B33F-7C57EA109F62}.Debug|x86.ActiveCfg = Debug|Any CPU
		{AD58376B-7D56-4C28-B33F-7C57EA109F62}.Debug|x86.Build.0 = Debug|Any CPU
		{AD58376B-7D56-4C28-B33F-7C57EA109F62}.Release|Any CPU.ActiveCfg = Release|Any CPU
		{AD58376B-7D56-4C28-B33F-7C57EA109F62}.Release|Any CPU.Build.0 = Release|Any CPU
		{AD58376B-7D56-4C28-B33F-7C57EA109F62}.Release|x64.ActiveCfg = Release|Any CPU
		{AD58376B-7D56-4C28-B33F-7C57EA109F62}.Release|x64.Build.0 = Release|Any CPU
		{AD58376B-7D56-4C28-B33F-7C57EA109F62}.Release|x86.ActiveCfg = Release|Any CPU
		{AD58376B-7D56-4C28-B33F-7C57EA109F62}.Release|x86.Build.0 = Release|Any CPU
		{29E6640B-DB47-4574-A812-25577327ECE8}.Debug|Any CPU.ActiveCfg = Debug|Any CPU
		{29E6640B-DB47-4574-A812-25577327ECE8}.Debug|Any CPU.Build.0 = Debug|Any CPU
		{29E6640B-DB47-4574-A812-25577327ECE8}.Debug|x64.ActiveCfg = Debug|Any CPU
		{29E6640B-DB47-4574-A812-25577327ECE8}.Debug|x64.Build.0 = Debug|Any CPU
		{29E6640B-DB47-4574-A812-25577327ECE8}.Debug|x86.ActiveCfg = Debug|Any CPU
		{29E6640B-DB47-4574-A812-25577327ECE8}.Debug|x86.Build.0 = Debug|Any CPU
		{29E6640B-DB47-4574-A812-25577327ECE8}.Release|Any CPU.ActiveCfg = Release|Any CPU
		{29E6640B-DB47-4574-A812-25577327ECE8}.Release|Any CPU.Build.0 = Release|Any CPU
		{29E6640B-DB47-4574-A812-25577327ECE8}.Release|x64.ActiveCfg = Release|Any CPU
		{29E6640B-DB47-4574-A812-25577327ECE8}.Release|x64.Build.0 = Release|Any CPU
		{29E6640B-DB47-4574-A812-25577327ECE8}.Release|x86.ActiveCfg = Release|Any CPU
		{29E6640B-DB47-4574-A812-25577327ECE8}.Release|x86.Build.0 = Release|Any CPU
		{260807CE-3D7D-4E6E-B5E0-3F277CC8FA6F}.Debug|Any CPU.ActiveCfg = Debug|Any CPU
		{260807CE-3D7D-4E6E-B5E0-3F277CC8FA6F}.Debug|Any CPU.Build.0 = Debug|Any CPU
		{260807CE-3D7D-4E6E-B5E0-3F277CC8FA6F}.Debug|x64.ActiveCfg = Debug|Any CPU
		{260807CE-3D7D-4E6E-B5E0-3F277CC8FA6F}.Debug|x64.Build.0 = Debug|Any CPU
		{260807CE-3D7D-4E6E-B5E0-3F277CC8FA6F}.Debug|x86.ActiveCfg = Debug|Any CPU
		{260807CE-3D7D-4E6E-B5E0-3F277CC8FA6F}.Debug|x86.Build.0 = Debug|Any CPU
		{260807CE-3D7D-4E6E-B5E0-3F277CC8FA6F}.Release|Any CPU.ActiveCfg = Release|Any CPU
		{260807CE-3D7D-4E6E-B5E0-3F277CC8FA6F}.Release|Any CPU.Build.0 = Release|Any CPU
		{260807CE-3D7D-4E6E-B5E0-3F277CC8FA6F}.Release|x64.ActiveCfg = Release|Any CPU
		{260807CE-3D7D-4E6E-B5E0-3F277CC8FA6F}.Release|x64.Build.0 = Release|Any CPU
		{260807CE-3D7D-4E6E-B5E0-3F277CC8FA6F}.Release|x86.ActiveCfg = Release|Any CPU
		{260807CE-3D7D-4E6E-B5E0-3F277CC8FA6F}.Release|x86.Build.0 = Release|Any CPU
		{6F2AC469-3A94-4D3B-9510-CF501139E2BB}.Debug|Any CPU.ActiveCfg = Debug|Any CPU
		{6F2AC469-3A94-4D3B-9510-CF501139E2BB}.Debug|Any CPU.Build.0 = Debug|Any CPU
		{6F2AC469-3A94-4D3B-9510-CF501139E2BB}.Debug|x64.ActiveCfg = Debug|Any CPU
		{6F2AC469-3A94-4D3B-9510-CF501139E2BB}.Debug|x64.Build.0 = Debug|Any CPU
		{6F2AC469-3A94-4D3B-9510-CF501139E2BB}.Debug|x86.ActiveCfg = Debug|Any CPU
		{6F2AC469-3A94-4D3B-9510-CF501139E2BB}.Debug|x86.Build.0 = Debug|Any CPU
		{6F2AC469-3A94-4D3B-9510-CF501139E2BB}.Release|Any CPU.ActiveCfg = Release|Any CPU
		{6F2AC469-3A94-4D3B-9510-CF501139E2BB}.Release|Any CPU.Build.0 = Release|Any CPU
		{6F2AC469-3A94-4D3B-9510-CF501139E2BB}.Release|x64.ActiveCfg = Release|Any CPU
		{6F2AC469-3A94-4D3B-9510-CF501139E2BB}.Release|x64.Build.0 = Release|Any CPU
		{6F2AC469-3A94-4D3B-9510-CF501139E2BB}.Release|x86.ActiveCfg = Release|Any CPU
		{6F2AC469-3A94-4D3B-9510-CF501139E2BB}.Release|x86.Build.0 = Release|Any CPU
		{121D1FDF-46B2-4CC0-BE11-F4C907F22AC6}.Debug|Any CPU.ActiveCfg = Debug|Any CPU
		{121D1FDF-46B2-4CC0-BE11-F4C907F22AC6}.Debug|Any CPU.Build.0 = Debug|Any CPU
		{121D1FDF-46B2-4CC0-BE11-F4C907F22AC6}.Debug|x64.ActiveCfg = Debug|Any CPU
		{121D1FDF-46B2-4CC0-BE11-F4C907F22AC6}.Debug|x64.Build.0 = Debug|Any CPU
		{121D1FDF-46B2-4CC0-BE11-F4C907F22AC6}.Debug|x86.ActiveCfg = Debug|Any CPU
		{121D1FDF-46B2-4CC0-BE11-F4C907F22AC6}.Debug|x86.Build.0 = Debug|Any CPU
		{121D1FDF-46B2-4CC0-BE11-F4C907F22AC6}.Release|Any CPU.ActiveCfg = Release|Any CPU
		{121D1FDF-46B2-4CC0-BE11-F4C907F22AC6}.Release|Any CPU.Build.0 = Release|Any CPU
		{121D1FDF-46B2-4CC0-BE11-F4C907F22AC6}.Release|x64.ActiveCfg = Release|Any CPU
		{121D1FDF-46B2-4CC0-BE11-F4C907F22AC6}.Release|x64.Build.0 = Release|Any CPU
		{121D1FDF-46B2-4CC0-BE11-F4C907F22AC6}.Release|x86.ActiveCfg = Release|Any CPU
		{121D1FDF-46B2-4CC0-BE11-F4C907F22AC6}.Release|x86.Build.0 = Release|Any CPU
		{E2F66BB1-1287-4036-B501-408659996F48}.Debug|Any CPU.ActiveCfg = Debug|Any CPU
		{E2F66BB1-1287-4036-B501-408659996F48}.Debug|Any CPU.Build.0 = Debug|Any CPU
		{E2F66BB1-1287-4036-B501-408659996F48}.Debug|x64.ActiveCfg = Debug|Any CPU
		{E2F66BB1-1287-4036-B501-408659996F48}.Debug|x64.Build.0 = Debug|Any CPU
		{E2F66BB1-1287-4036-B501-408659996F48}.Debug|x86.ActiveCfg = Debug|Any CPU
		{E2F66BB1-1287-4036-B501-408659996F48}.Debug|x86.Build.0 = Debug|Any CPU
		{E2F66BB1-1287-4036-B501-408659996F48}.Release|Any CPU.ActiveCfg = Release|Any CPU
		{E2F66BB1-1287-4036-B501-408659996F48}.Release|Any CPU.Build.0 = Release|Any CPU
		{E2F66BB1-1287-4036-B501-408659996F48}.Release|x64.ActiveCfg = Release|Any CPU
		{E2F66BB1-1287-4036-B501-408659996F48}.Release|x64.Build.0 = Release|Any CPU
		{E2F66BB1-1287-4036-B501-408659996F48}.Release|x86.ActiveCfg = Release|Any CPU
		{E2F66BB1-1287-4036-B501-408659996F48}.Release|x86.Build.0 = Release|Any CPU
		{67DF0216-1A93-4E54-BAE5-B6B427D21F52}.Debug|Any CPU.ActiveCfg = Debug|Any CPU
		{67DF0216-1A93-4E54-BAE5-B6B427D21F52}.Debug|Any CPU.Build.0 = Debug|Any CPU
		{67DF0216-1A93-4E54-BAE5-B6B427D21F52}.Debug|x64.ActiveCfg = Debug|Any CPU
		{67DF0216-1A93-4E54-BAE5-B6B427D21F52}.Debug|x64.Build.0 = Debug|Any CPU
		{67DF0216-1A93-4E54-BAE5-B6B427D21F52}.Debug|x86.ActiveCfg = Debug|Any CPU
		{67DF0216-1A93-4E54-BAE5-B6B427D21F52}.Debug|x86.Build.0 = Debug|Any CPU
		{67DF0216-1A93-4E54-BAE5-B6B427D21F52}.Release|Any CPU.ActiveCfg = Release|Any CPU
		{67DF0216-1A93-4E54-BAE5-B6B427D21F52}.Release|Any CPU.Build.0 = Release|Any CPU
		{67DF0216-1A93-4E54-BAE5-B6B427D21F52}.Release|x64.ActiveCfg = Release|Any CPU
		{67DF0216-1A93-4E54-BAE5-B6B427D21F52}.Release|x64.Build.0 = Release|Any CPU
		{67DF0216-1A93-4E54-BAE5-B6B427D21F52}.Release|x86.ActiveCfg = Release|Any CPU
		{67DF0216-1A93-4E54-BAE5-B6B427D21F52}.Release|x86.Build.0 = Release|Any CPU
		{9B56F2C3-D7D7-4BA5-A843-54C77E436063}.Debug|Any CPU.ActiveCfg = Debug|Any CPU
		{9B56F2C3-D7D7-4BA5-A843-54C77E436063}.Debug|Any CPU.Build.0 = Debug|Any CPU
		{9B56F2C3-D7D7-4BA5-A843-54C77E436063}.Debug|x64.ActiveCfg = Debug|Any CPU
		{9B56F2C3-D7D7-4BA5-A843-54C77E436063}.Debug|x64.Build.0 = Debug|Any CPU
		{9B56F2C3-D7D7-4BA5-A843-54C77E436063}.Debug|x86.ActiveCfg = Debug|Any CPU
		{9B56F2C3-D7D7-4BA5-A843-54C77E436063}.Debug|x86.Build.0 = Debug|Any CPU
		{9B56F2C3-D7D7-4BA5-A843-54C77E436063}.Release|Any CPU.ActiveCfg = Release|Any CPU
		{9B56F2C3-D7D7-4BA5-A843-54C77E436063}.Release|Any CPU.Build.0 = Release|Any CPU
		{9B56F2C3-D7D7-4BA5-A843-54C77E436063}.Release|x64.ActiveCfg = Release|Any CPU
		{9B56F2C3-D7D7-4BA5-A843-54C77E436063}.Release|x64.Build.0 = Release|Any CPU
		{9B56F2C3-D7D7-4BA5-A843-54C77E436063}.Release|x86.ActiveCfg = Release|Any CPU
		{9B56F2C3-D7D7-4BA5-A843-54C77E436063}.Release|x86.Build.0 = Release|Any CPU
		{CEBE19BB-23AC-4B9C-8659-14CC27F1810A}.Debug|Any CPU.ActiveCfg = Debug|Any CPU
		{CEBE19BB-23AC-4B9C-8659-14CC27F1810A}.Debug|Any CPU.Build.0 = Debug|Any CPU
		{CEBE19BB-23AC-4B9C-8659-14CC27F1810A}.Debug|x64.ActiveCfg = Debug|Any CPU
		{CEBE19BB-23AC-4B9C-8659-14CC27F1810A}.Debug|x64.Build.0 = Debug|Any CPU
		{CEBE19BB-23AC-4B9C-8659-14CC27F1810A}.Debug|x86.ActiveCfg = Debug|Any CPU
		{CEBE19BB-23AC-4B9C-8659-14CC27F1810A}.Debug|x86.Build.0 = Debug|Any CPU
		{CEBE19BB-23AC-4B9C-8659-14CC27F1810A}.Release|Any CPU.ActiveCfg = Release|Any CPU
		{CEBE19BB-23AC-4B9C-8659-14CC27F1810A}.Release|Any CPU.Build.0 = Release|Any CPU
		{CEBE19BB-23AC-4B9C-8659-14CC27F1810A}.Release|x64.ActiveCfg = Release|Any CPU
		{CEBE19BB-23AC-4B9C-8659-14CC27F1810A}.Release|x64.Build.0 = Release|Any CPU
		{CEBE19BB-23AC-4B9C-8659-14CC27F1810A}.Release|x86.ActiveCfg = Release|Any CPU
		{CEBE19BB-23AC-4B9C-8659-14CC27F1810A}.Release|x86.Build.0 = Release|Any CPU
	EndGlobalSection
	GlobalSection(SolutionProperties) = preSolution
		HideSolutionNode = FALSE
	EndGlobalSection
	GlobalSection(ExtensibilityGlobals) = postSolution
		SolutionGuid = {3153F8E6-9B22-4381-9AF5-0167C8234AE1}
	EndGlobalSection
EndGlobal
